
Microsoft Visual Studio Solution File, Format Version 12.00
# Visual Studio Version 17
VisualStudioVersion = 17.1.32319.34
MinimumVisualStudioVersion = 10.0.40219.1
Project("{FAE04EC0-301F-11D3-BF4B-00C04F79EFBC}") = "RegistrationFormNew", "RegistrationFormNew\RegistrationFormNew.csproj", "{F1E33F88-CACC-4368-A4B7-48DE8A3A4FB3}"
EndProject
Global
	GlobalSection(SolutionConfigurationPlatforms) = preSolution
		Debug|Any CPU = Debug|Any CPU
		Release|Any CPU = Release|Any CPU
	EndGlobalSection
	GlobalSection(ProjectConfigurationPlatforms) = postSolution
		{F1E33F88-CACC-4368-A4B7-48DE8A3A4FB3}.Debug|Any CPU.ActiveCfg = Debug|Any CPU
		{F1E33F88-CACC-4368-A4B7-48DE8A3A4FB3}.Debug|Any CPU.Build.0 = Debug|Any CPU
		{F1E33F88-CACC-4368-A4B7-48DE8A3A4FB3}.Release|Any CPU.ActiveCfg = Release|Any CPU
		{F1E33F88-CACC-4368-A4B7-48DE8A3A4FB3}.Release|Any CPU.Build.0 = Release|Any CPU
	EndGlobalSection
	GlobalSection(SolutionProperties) = preSolution
		HideSolutionNode = FALSE
	EndGlobalSection
	GlobalSection(ExtensibilityGlobals) = postSolution
		SolutionGuid = {0807DB29-91C3-4F10-AC83-7330CFED87E8}
	EndGlobalSection
EndGlobal
